
Microsoft Visual Studio Solution File, Format Version 12.00
# Visual Studio Version 17
VisualStudioVersion = 17.4.33403.182
MinimumVisualStudioVersion = 10.0.40219.1
Project("{FAE04EC0-301F-11D3-BF4B-00C04F79EFBC}") = "PocApi.Api", "PocApi\PocApi.Api.csproj", "{43442D11-C494-4E77-8721-AA51ADF2FFD3}"
EndProject
Project("{FAE04EC0-301F-11D3-BF4B-00C04F79EFBC}") = "PocApi.Business", "PocApi.Business\PocApi.Business.csproj", "{04232189-2D17-4AE0-8C41-31AC50EEE739}"
EndProject
Project("{FAE04EC0-301F-11D3-BF4B-00C04F79EFBC}") = "PocApi.DTOs", "PocApi.DTOs\PocApi.DTOs.csproj", "{4F717997-924E-4497-957A-470ADF29C72D}"
EndProject
Project("{FAE04EC0-301F-11D3-BF4B-00C04F79EFBC}") = "PocApi.Data", "PocApi.Data\PocApi.Data.csproj", "{BAA3A3AD-5307-47D0-93FC-D84AB08EE6EC}"
EndProject
Project("{FAE04EC0-301F-11D3-BF4B-00C04F79EFBC}") = "PocApi.Entities", "PocApi.Entities\PocApi.Entities.csproj", "{65962B31-DDD1-4CC7-83E7-4CBEE4552B5B}"
EndProject
Project("{FAE04EC0-301F-11D3-BF4B-00C04F79EFBC}") = "PocApi.Services", "PocApi.Services\PocApi.Services.csproj", "{D6C19941-8F7A-48AB-AACA-91E25883C784}"
EndProject
Project("{FAE04EC0-301F-11D3-BF4B-00C04F79EFBC}") = "PocApi.Shared", "PocApi.Shared\PocApi.Shared.csproj", "{DD79A0A7-37F1-4935-8D3B-711A15179445}"
EndProject
Global
	GlobalSection(SolutionConfigurationPlatforms) = preSolution
		Debug|Any CPU = Debug|Any CPU
		Release|Any CPU = Release|Any CPU
	EndGlobalSection
	GlobalSection(ProjectConfigurationPlatforms) = postSolution
		{43442D11-C494-4E77-8721-AA51ADF2FFD3}.Debug|Any CPU.ActiveCfg = Debug|Any CPU
		{43442D11-C494-4E77-8721-AA51ADF2FFD3}.Debug|Any CPU.Build.0 = Debug|Any CPU
		{43442D11-C494-4E77-8721-AA51ADF2FFD3}.Release|Any CPU.ActiveCfg = Release|Any CPU
		{43442D11-C494-4E77-8721-AA51ADF2FFD3}.Release|Any CPU.Build.0 = Release|Any CPU
		{04232189-2D17-4AE0-8C41-31AC50EEE739}.Debug|Any CPU.ActiveCfg = Debug|Any CPU
		{04232189-2D17-4AE0-8C41-31AC50EEE739}.Debug|Any CPU.Build.0 = Debug|Any CPU
		{04232189-2D17-4AE0-8C41-31AC50EEE739}.Release|Any CPU.ActiveCfg = Release|Any CPU
		{04232189-2D17-4AE0-8C41-31AC50EEE739}.Release|Any CPU.Build.0 = Release|Any CPU
		{4F717997-924E-4497-957A-470ADF29C72D}.Debug|Any CPU.ActiveCfg = Debug|Any CPU
		{4F717997-924E-4497-957A-470ADF29C72D}.Debug|Any CPU.Build.0 = Debug|Any CPU
		{4F717997-924E-4497-957A-470ADF29C72D}.Release|Any CPU.ActiveCfg = Release|Any CPU
		{4F717997-924E-4497-957A-470ADF29C72D}.Release|Any CPU.Build.0 = Release|Any CPU
		{BAA3A3AD-5307-47D0-93FC-D84AB08EE6EC}.Debug|Any CPU.ActiveCfg = Debug|Any CPU
		{BAA3A3AD-5307-47D0-93FC-D84AB08EE6EC}.Debug|Any CPU.Build.0 = Debug|Any CPU
		{BAA3A3AD-5307-47D0-93FC-D84AB08EE6EC}.Release|Any CPU.ActiveCfg = Release|Any CPU
		{BAA3A3AD-5307-47D0-93FC-D84AB08EE6EC}.Release|Any CPU.Build.0 = Release|Any CPU
		{65962B31-DDD1-4CC7-83E7-4CBEE4552B5B}.Debug|Any CPU.ActiveCfg = Debug|Any CPU
		{65962B31-DDD1-4CC7-83E7-4CBEE4552B5B}.Debug|Any CPU.Build.0 = Debug|Any CPU
		{65962B31-DDD1-4CC7-83E7-4CBEE4552B5B}.Release|Any CPU.ActiveCfg = Release|Any CPU
		{65962B31-DDD1-4CC7-83E7-4CBEE4552B5B}.Release|Any CPU.Build.0 = Release|Any CPU
		{D6C19941-8F7A-48AB-AACA-91E25883C784}.Debug|Any CPU.ActiveCfg = Debug|Any CPU
		{D6C19941-8F7A-48AB-AACA-91E25883C784}.Debug|Any CPU.Build.0 = Debug|Any CPU
		{D6C19941-8F7A-48AB-AACA-91E25883C784}.Release|Any CPU.ActiveCfg = Release|Any CPU
		{D6C19941-8F7A-48AB-AACA-91E25883C784}.Release|Any CPU.Build.0 = Release|Any CPU
		{DD79A0A7-37F1-4935-8D3B-711A15179445}.Debug|Any CPU.ActiveCfg = Debug|Any CPU
		{DD79A0A7-37F1-4935-8D3B-711A15179445}.Debug|Any CPU.Build.0 = Debug|Any CPU
		{DD79A0A7-37F1-4935-8D3B-711A15179445}.Release|Any CPU.ActiveCfg = Release|Any CPU
		{DD79A0A7-37F1-4935-8D3B-711A15179445}.Release|Any CPU.Build.0 = Release|Any CPU
	EndGlobalSection
	GlobalSection(SolutionProperties) = preSolution
		HideSolutionNode = FALSE
	EndGlobalSection
	GlobalSection(ExtensibilityGlobals) = postSolution
		SolutionGuid = {F959F5E0-A0EA-43FB-87D3-30F88005CEC5}
	EndGlobalSection
EndGlobal
